// !$*UTF8*$!
{
	archiveVersion = 1;
	classes = {
	};
	objectVersion = 50;
	objects = {

/* Begin PBXBuildFile section */
		4D105B7724B84C3E0082C77E /* AppDelegate.swift in Sources */ = {isa = PBXBuildFile; fileRef = 4D105B7624B84C3E0082C77E /* AppDelegate.swift */; };
		4D105B7924B84C3E0082C77E /* SceneDelegate.swift in Sources */ = {isa = PBXBuildFile; fileRef = 4D105B7824B84C3E0082C77E /* SceneDelegate.swift */; };
		4D105B7B24B84C3E0082C77E /* ContentView.swift in Sources */ = {isa = PBXBuildFile; fileRef = 4D105B7A24B84C3E0082C77E /* ContentView.swift */; };
		4D105B7D24B84C3F0082C77E /* Assets.xcassets in Resources */ = {isa = PBXBuildFile; fileRef = 4D105B7C24B84C3F0082C77E /* Assets.xcassets */; };
		4D105B8024B84C3F0082C77E /* Preview Assets.xcassets in Resources */ = {isa = PBXBuildFile; fileRef = 4D105B7F24B84C3F0082C77E /* Preview Assets.xcassets */; };
		4D105B8324B84C3F0082C77E /* LaunchScreen.storyboard in Resources */ = {isa = PBXBuildFile; fileRef = 4D105B8124B84C3F0082C77E /* LaunchScreen.storyboard */; };
		4D105B8C24B84C960082C77E /* Heroes.swift in Sources */ = {isa = PBXBuildFile; fileRef = 4D105B8B24B84C960082C77E /* Heroes.swift */; };
		4D105B8E24B84CA40082C77E /* DummyHeroesData.swift in Sources */ = {isa = PBXBuildFile; fileRef = 4D105B8D24B84CA40082C77E /* DummyHeroesData.swift */; };
		4D105B9124B84E3A0082C77E /* HeroDetail.swift in Sources */ = {isa = PBXBuildFile; fileRef = 4D105B9024B84E3A0082C77E /* HeroDetail.swift */; };
		4D105B9324B84F6D0082C77E /* HeroRow.swift in Sources */ = {isa = PBXBuildFile; fileRef = 4D105B9224B84F6D0082C77E /* HeroRow.swift */; };
		4D105B9524B8515C0082C77E /* HeroesList.swift in Sources */ = {isa = PBXBuildFile; fileRef = 4D105B9424B8515C0082C77E /* HeroesList.swift */; };
/* End PBXBuildFile section */

/* Begin PBXFileReference section */
		4D105B7324B84C3E0082C77E /* HeroesApp.app */ = {isa = PBXFileReference; explicitFileType = wrapper.application; includeInIndex = 0; path = HeroesApp.app; sourceTree = BUILT_PRODUCTS_DIR; };
		4D105B7624B84C3E0082C77E /* AppDelegate.swift */ = {isa = PBXFileReference; lastKnownFileType = sourcecode.swift; path = AppDelegate.swift; sourceTree = "<group>"; };
		4D105B7824B84C3E0082C77E /* SceneDelegate.swift */ = {isa = PBXFileReference; lastKnownFileType = sourcecode.swift; path = SceneDelegate.swift; sourceTree = "<group>"; };
		4D105B7A24B84C3E0082C77E /* ContentView.swift */ = {isa = PBXFileReference; lastKnownFileType = sourcecode.swift; path = ContentView.swift; sourceTree = "<group>"; };
		4D105B7C24B84C3F0082C77E /* Assets.xcassets */ = {isa = PBXFileReference; lastKnownFileType = folder.assetcatalog; path = Assets.xcassets; sourceTree = "<group>"; };
		4D105B7F24B84C3F0082C77E /* Preview Assets.xcassets */ = {isa = PBXFileReference; lastKnownFileType = folder.assetcatalog; path = "Preview Assets.xcassets"; sourceTree = "<group>"; };
		4D105B8224B84C3F0082C77E /* Base */ = {isa = PBXFileReference; lastKnownFileType = file.storyboard; name = Base; path = Base.lproj/LaunchScreen.storyboard; sourceTree = "<group>"; };
		4D105B8424B84C3F0082C77E /* Info.plist */ = {isa = PBXFileReference; lastKnownFileType = text.plist.xml; path = Info.plist; sourceTree = "<group>"; };
		4D105B8B24B84C960082C77E /* Heroes.swift */ = {isa = PBXFileReference; lastKnownFileType = sourcecode.swift; path = Heroes.swift; sourceTree = "<group>"; };
		4D105B8D24B84CA40082C77E /* DummyHeroesData.swift */ = {isa = PBXFileReference; lastKnownFileType = sourcecode.swift; path = DummyHeroesData.swift; sourceTree = "<group>"; };
		4D105B9024B84E3A0082C77E /* HeroDetail.swift */ = {isa = PBXFileReference; lastKnownFileType = sourcecode.swift; path = HeroDetail.swift; sourceTree = "<group>"; };
		4D105B9224B84F6D0082C77E /* HeroRow.swift */ = {isa = PBXFileReference; lastKnownFileType = sourcecode.swift; path = HeroRow.swift; sourceTree = "<group>"; };
		4D105B9424B8515C0082C77E /* HeroesList.swift */ = {isa = PBXFileReference; lastKnownFileType = sourcecode.swift; path = HeroesList.swift; sourceTree = "<group>"; };
/* End PBXFileReference section */

/* Begin PBXFrameworksBuildPhase section */
		4D105B7024B84C3E0082C77E /* Frameworks */ = {
			isa = PBXFrameworksBuildPhase;
			buildActionMask = 2147483647;
			files = (
			);
			runOnlyForDeploymentPostprocessing = 0;
		};
/* End PBXFrameworksBuildPhase section */

/* Begin PBXGroup section */
		4D105B6A24B84C3E0082C77E = {
			isa = PBXGroup;
			children = (
				4D105B7524B84C3E0082C77E /* HeroesApp */,
				4D105B7424B84C3E0082C77E /* Products */,
			);
			sourceTree = "<group>";
		};
		4D105B7424B84C3E0082C77E /* Products */ = {
			isa = PBXGroup;
			children = (
				4D105B7324B84C3E0082C77E /* HeroesApp.app */,
			);
			name = Products;
			sourceTree = "<group>";
		};
		4D105B7524B84C3E0082C77E /* HeroesApp */ = {
			isa = PBXGroup;
			children = (
				4D105B7624B84C3E0082C77E /* AppDelegate.swift */,
				4D105B7824B84C3E0082C77E /* SceneDelegate.swift */,
				4D105B8F24B84E2C0082C77E /* View */,
				4D105B8A24B84C870082C77E /* Model */,
				4D105B7C24B84C3F0082C77E /* Assets.xcassets */,
				4D105B8124B84C3F0082C77E /* LaunchScreen.storyboard */,
				4D105B8424B84C3F0082C77E /* Info.plist */,
				4D105B7E24B84C3F0082C77E /* Preview Content */,
			);
			path = HeroesApp;
			sourceTree = "<group>";
		};
		4D105B7E24B84C3F0082C77E /* Preview Content */ = {
			isa = PBXGroup;
			children = (
				4D105B7F24B84C3F0082C77E /* Preview Assets.xcassets */,
			);
			path = "Preview Content";
			sourceTree = "<group>";
		};
		4D105B8A24B84C870082C77E /* Model */ = {
			isa = PBXGroup;
			children = (
				4D105B8B24B84C960082C77E /* Heroes.swift */,
				4D105B8D24B84CA40082C77E /* DummyHeroesData.swift */,
			);
			path = Model;
			sourceTree = "<group>";
		};
		4D105B8F24B84E2C0082C77E /* View */ = {
			isa = PBXGroup;
			children = (
				4D105B7A24B84C3E0082C77E /* ContentView.swift */,
				4D105B9024B84E3A0082C77E /* HeroDetail.swift */,
				4D105B9224B84F6D0082C77E /* HeroRow.swift */,
				4D105B9424B8515C0082C77E /* HeroesList.swift */,
			);
			path = View;
			sourceTree = "<group>";
		};
/* End PBXGroup section */

/* Begin PBXNativeTarget section */
		4D105B7224B84C3E0082C77E /* HeroesApp */ = {
			isa = PBXNativeTarget;
			buildConfigurationList = 4D105B8724B84C3F0082C77E /* Build configuration list for PBXNativeTarget "HeroesApp" */;
			buildPhases = (
				4D105B6F24B84C3E0082C77E /* Sources */,
				4D105B7024B84C3E0082C77E /* Frameworks */,
				4D105B7124B84C3E0082C77E /* Resources */,
			);
			buildRules = (
			);
			dependencies = (
			);
			name = HeroesApp;
			productName = HeroesApp;
			productReference = 4D105B7324B84C3E0082C77E /* HeroesApp.app */;
			productType = "com.apple.product-type.application";
		};
/* End PBXNativeTarget section */

/* Begin PBXProject section */
		4D105B6B24B84C3E0082C77E /* Project object */ = {
			isa = PBXProject;
			attributes = {
				LastSwiftUpdateCheck = 1150;
				LastUpgradeCheck = 1150;
				ORGANIZATIONNAME = "Muhammad Fawwaz Mayda";
				TargetAttributes = {
					4D105B7224B84C3E0082C77E = {
						CreatedOnToolsVersion = 11.5;
					};
				};
			};
			buildConfigurationList = 4D105B6E24B84C3E0082C77E /* Build configuration list for PBXProject "HeroesApp" */;
			compatibilityVersion = "Xcode 9.3";
			developmentRegion = en;
			hasScannedForEncodings = 0;
			knownRegions = (
				en,
				Base,
			);
			mainGroup = 4D105B6A24B84C3E0082C77E;
			productRefGroup = 4D105B7424B84C3E0082C77E /* Products */;
			projectDirPath = "";
			projectRoot = "";
			targets = (
				4D105B7224B84C3E0082C77E /* HeroesApp */,
			);
		};
/* End PBXProject section */

/* Begin PBXResourcesBuildPhase section */
		4D105B7124B84C3E0082C77E /* Resources */ = {
			isa = PBXResourcesBuildPhase;
			buildActionMask = 2147483647;
			files = (
				4D105B8324B84C3F0082C77E /* LaunchScreen.storyboard in Resources */,
				4D105B8024B84C3F0082C77E /* Preview Assets.xcassets in Resources */,
				4D105B7D24B84C3F0082C77E /* Assets.xcassets in Resources */,
			);
			runOnlyForDeploymentPostprocessing = 0;
		};
/* End PBXResourcesBuildPhase section */

/* Begin PBXSourcesBuildPhase section */
		4D105B6F24B84C3E0082C77E /* Sources */ = {
			isa = PBXSourcesBuildPhase;
			buildActionMask = 2147483647;
			files = (
				4D105B7724B84C3E0082C77E /* AppDelegate.swift in Sources */,
				4D105B8C24B84C960082C77E /* Heroes.swift in Sources */,
				4D105B9124B84E3A0082C77E /* HeroDetail.swift in Sources */,
				4D105B7924B84C3E0082C77E /* SceneDelegate.swift in Sources */,
				4D105B7B24B84C3E0082C77E /* ContentView.swift in Sources */,
				4D105B9524B8515C0082C77E /* HeroesList.swift in Sources */,
				4D105B8E24B84CA40082C77E /* DummyHeroesData.swift in Sources */,
				4D105B9324B84F6D0082C77E /* HeroRow.swift in Sources */,
			);
			runOnlyForDeploymentPostprocessing = 0;
		};
/* End PBXSourcesBuildPhase section */

/* Begin PBXVariantGroup section */
		4D105B8124B84C3F0082C77E /* LaunchScreen.storyboard */ = {
			isa = PBXVariantGroup;
			children = (
				4D105B8224B84C3F0082C77E /* Base */,
			);
			name = LaunchScreen.storyboard;
			sourceTree = "<group>";
		};
/* End PBXVariantGroup section */

/* Begin XCBuildConfiguration section */
		4D105B8524B84C3F0082C77E /* Debug */ = {
			isa = XCBuildConfiguration;
			buildSettings = {
				ALWAYS_SEARCH_USER_PATHS = NO;
				CLANG_ANALYZER_NONNULL = YES;
				CLANG_ANALYZER_NUMBER_OBJECT_CONVERSION = YES_AGGRESSIVE;
				CLANG_CXX_LANGUAGE_STANDARD = "gnu++14";
				CLANG_CXX_LIBRARY = "libc++";
				CLANG_ENABLE_MODULES = YES;
				CLANG_ENABLE_OBJC_ARC = YES;
				CLANG_ENABLE_OBJC_WEAK = YES;
				CLANG_WARN_BLOCK_CAPTURE_AUTORELEASING = YES;
				CLANG_WARN_BOOL_CONVERSION = YES;
				CLANG_WARN_COMMA = YES;
				CLANG_WARN_CONSTANT_CONVERSION = YES;
				CLANG_WARN_DEPRECATED_OBJC_IMPLEMENTATIONS = YES;
				CLANG_WARN_DIRECT_OBJC_ISA_USAGE = YES_ERROR;
				CLANG_WARN_DOCUMENTATION_COMMENTS = YES;
				CLANG_WARN_EMPTY_BODY = YES;
				CLANG_WARN_ENUM_CONVERSION = YES;
				CLANG_WARN_INFINITE_RECURSION = YES;
				CLANG_WARN_INT_CONVERSION = YES;
				CLANG_WARN_NON_LITERAL_NULL_CONVERSION = YES;
				CLANG_WARN_OBJC_IMPLICIT_RETAIN_SELF = YES;
				CLANG_WARN_OBJC_LITERAL_CONVERSION = YES;
				CLANG_WARN_OBJC_ROOT_CLASS = YES_ERROR;
				CLANG_WARN_RANGE_LOOP_ANALYSIS = YES;
				CLANG_WARN_STRICT_PROTOTYPES = YES;
				CLANG_WARN_SUSPICIOUS_MOVE = YES;
				CLANG_WARN_UNGUARDED_AVAILABILITY = YES_AGGRESSIVE;
				CLANG_WARN_UNREACHABLE_CODE = YES;
				CLANG_WARN__DUPLICATE_METHOD_MATCH = YES;
				COPY_PHASE_STRIP = NO;
				DEBUG_INFORMATION_FORMAT = dwarf;
				ENABLE_STRICT_OBJC_MSGSEND = YES;
				ENABLE_TESTABILITY = YES;
				GCC_C_LANGUAGE_STANDARD = gnu11;
				GCC_DYNAMIC_NO_PIC = NO;
				GCC_NO_COMMON_BLOCKS = YES;
				GCC_OPTIMIZATION_LEVEL = 0;
				GCC_PREPROCESSOR_DEFINITIONS = (
					"DEBUG=1",
					"$(inherited)",
				);
				GCC_WARN_64_TO_32_BIT_CONVERSION = YES;
				GCC_WARN_ABOUT_RETURN_TYPE = YES_ERROR;
				GCC_WARN_UNDECLARED_SELECTOR = YES;
				GCC_WARN_UNINITIALIZED_AUTOS = YES_AGGRESSIVE;
				GCC_WARN_UNUSED_FUNCTION = YES;
				GCC_WARN_UNUSED_VARIABLE = YES;
				IPHONEOS_DEPLOYMENT_TARGET = 13.5;
				MTL_ENABLE_DEBUG_INFO = INCLUDE_SOURCE;
				MTL_FAST_MATH = YES;
				ONLY_ACTIVE_ARCH = YES;
				SDKROOT = iphoneos;
				SWIFT_ACTIVE_COMPILATION_CONDITIONS = DEBUG;
				SWIFT_OPTIMIZATION_LEVEL = "-Onone";
			};
			name = Debug;
		};
		4D105B8624B84C3F0082C77E /* Release */ = {
			isa = XCBuildConfiguration;
			buildSettings = {
				ALWAYS_SEARCH_USER_PATHS = NO;
				CLANG_ANALYZER_NONNULL = YES;
				CLANG_ANALYZER_NUMBER_OBJECT_CONVERSION = YES_AGGRESSIVE;
				CLANG_CXX_LANGUAGE_STANDARD = "gnu++14";
				CLANG_CXX_LIBRARY = "libc++";
				CLANG_ENABLE_MODULES = YES;
				CLANG_ENABLE_OBJC_ARC = YES;
				CLANG_ENABLE_OBJC_WEAK = YES;
				CLANG_WARN_BLOCK_CAPTURE_AUTORELEASING = YES;
				CLANG_WARN_BOOL_CONVERSION = YES;
				CLANG_WARN_COMMA = YES;
				CLANG_WARN_CONSTANT_CONVERSION = YES;
				CLANG_WARN_DEPRECATED_OBJC_IMPLEMENTATIONS = YES;
				CLANG_WARN_DIRECT_OBJC_ISA_USAGE = YES_ERROR;
				CLANG_WARN_DOCUMENTATION_COMMENTS = YES;
				CLANG_WARN_EMPTY_BODY = YES;
				CLANG_WARN_ENUM_CONVERSION = YES;
				CLANG_WARN_INFINITE_RECURSION = YES;
				CLANG_WARN_INT_CONVERSION = YES;
				CLANG_WARN_NON_LITERAL_NULL_CONVERSION = YES;
				CLANG_WARN_OBJC_IMPLICIT_RETAIN_SELF = YES;
				CLANG_WARN_OBJC_LITERAL_CONVERSION = YES;
				CLANG_WARN_OBJC_ROOT_CLASS = YES_ERROR;
				CLANG_WARN_RANGE_LOOP_ANALYSIS = YES;
				CLANG_WARN_STRICT_PROTOTYPES = YES;
				CLANG_WARN_SUSPICIOUS_MOVE = YES;
				CLANG_WARN_UNGUARDED_AVAILABILITY = YES_AGGRESSIVE;
				CLANG_WARN_UNREACHABLE_CODE = YES;
				CLANG_WARN__DUPLICATE_METHOD_MATCH = YES;
				COPY_PHASE_STRIP = NO;
				DEBUG_INFORMATION_FORMAT = "dwarf-with-dsym";
				ENABLE_NS_ASSERTIONS = NO;
				ENABLE_STRICT_OBJC_MSGSEND = YES;
				GCC_C_LANGUAGE_STANDARD = gnu11;
				GCC_NO_COMMON_BLOCKS = YES;
				GCC_WARN_64_TO_32_BIT_CONVERSION = YES;
				GCC_WARN_ABOUT_RETURN_TYPE = YES_ERROR;
				GCC_WARN_UNDECLARED_SELECTOR = YES;
				GCC_WARN_UNINITIALIZED_AUTOS = YES_AGGRESSIVE;
				GCC_WARN_UNUSED_FUNCTION = YES;
				GCC_WARN_UNUSED_VARIABLE = YES;
				IPHONEOS_DEPLOYMENT_TARGET = 13.5;
				MTL_ENABLE_DEBUG_INFO = NO;
				MTL_FAST_MATH = YES;
				SDKROOT = iphoneos;
				SWIFT_COMPILATION_MODE = wholemodule;
				SWIFT_OPTIMIZATION_LEVEL = "-O";
				VALIDATE_PRODUCT = YES;
			};
			name = Release;
		};
		4D105B8824B84C3F0082C77E /* Debug */ = {
			isa = XCBuildConfiguration;
			buildSettings = {
				ASSETCATALOG_COMPILER_APPICON_NAME = AppIcon;
				CODE_SIGN_STYLE = Automatic;
				DEVELOPMENT_ASSET_PATHS = "\"HeroesApp/Preview Content\"";
				DEVELOPMENT_TEAM = Z35HSPF5XB;
				ENABLE_PREVIEWS = YES;
				INFOPLIST_FILE = HeroesApp/Info.plist;
				LD_RUNPATH_SEARCH_PATHS = (
					"$(inherited)",
					"@executable_path/Frameworks",
				);
				PRODUCT_BUNDLE_IDENTIFIER = bola.HeroesApp;
				PRODUCT_NAME = "$(TARGET_NAME)";
				SWIFT_VERSION = 5.0;
				TARGETED_DEVICE_FAMILY = "1,2";
			};
			name = Debug;
		};
		4D105B8924B84C3F0082C77E /* Release */ = {
			isa = XCBuildConfiguration;
			buildSettings = {
				ASSETCATALOG_COMPILER_APPICON_NAME = AppIcon;
				CODE_SIGN_STYLE = Automatic;
				DEVELOPMENT_ASSET_PATHS = "\"HeroesApp/Preview Content\"";
				DEVELOPMENT_TEAM = Z35HSPF5XB;
				ENABLE_PREVIEWS = YES;
				INFOPLIST_FILE = HeroesApp/Info.plist;
				LD_RUNPATH_SEARCH_PATHS = (
					"$(inherited)",
					"@executable_path/Frameworks",
				);
				PRODUCT_BUNDLE_IDENTIFIER = bola.HeroesApp;
				PRODUCT_NAME = "$(TARGET_NAME)";
				SWIFT_VERSION = 5.0;
				TARGETED_DEVICE_FAMILY = "1,2";
			};
			name = Release;
		};
/* End XCBuildConfiguration section */

/* Begin XCConfigurationList section */
		4D105B6E24B84C3E0082C77E /* Build configuration list for PBXProject "HeroesApp" */ = {
			isa = XCConfigurationList;
			buildConfigurations = (
				4D105B8524B84C3F0082C77E /* Debug */,
				4D105B8624B84C3F0082C77E /* Release */,
			);
			defaultConfigurationIsVisible = 0;
			defaultConfigurationName = Release;
		};
		4D105B8724B84C3F0082C77E /* Build configuration list for PBXNativeTarget "HeroesApp" */ = {
			isa = XCConfigurationList;
			buildConfigurations = (
				4D105B8824B84C3F0082C77E /* Debug */,
				4D105B8924B84C3F0082C77E /* Release */,
			);
			defaultConfigurationIsVisible = 0;
			defaultConfigurationName = Release;
		};
/* End XCConfigurationList section */
	};
	rootObject = 4D105B6B24B84C3E0082C77E /* Project object */;
}
